
Microsoft Visual Studio Solution File, Format Version 12.00
# Visual Studio Version 17
VisualStudioVersion = 17.14.37628.2
MinimumVisualStudioVersion = 10.0.40219.1
Project("{9A19103F-16F7-4668-BE54-9A1E7A4F7556}") = "FunctionPower", "FunctionPower\FunctionPower.csproj", "{6F13F47B-6F69-40F4-9DE1-46BF45C55B58}"
EndProject
Project("{FAE04EC0-301F-11D3-BF4B-00C04F79EFBC}") = "FunctionMaths", "FunctionMaths\FunctionMaths.csproj", "{055095ED-C3BF-42E0-ACE5-A0362D1A3CE2}"
EndProject
Global
	GlobalSection(SolutionConfigurationPlatforms) = preSolution
		Debug|Any CPU = Debug|Any CPU
		Release|Any CPU = Release|Any CPU
	EndGlobalSection
	GlobalSection(ProjectConfigurationPlatforms) = postSolution
		{6F13F47B-6F69-40F4-9DE1-46BF45C55B58}.Debug|Any CPU.ActiveCfg = Debug|Any CPU
		{6F13F47B-6F69-40F4-9DE1-46BF45C55B58}.Debug|Any CPU.Build.0 = Debug|Any CPU
		{6F13F47B-6F69-40F4-9DE1-46BF45C55B58}.Release|Any CPU.ActiveCfg = Release|Any CPU
		{6F13F47B-6F69-40F4-9DE1-46BF45C55B58}.Release|Any CPU.Build.0 = Release|Any CPU
		{055095ED-C3BF-42E0-ACE5-A0362D1A3CE2}.Debug|Any CPU.ActiveCfg = Debug|Any CPU
		{055095ED-C3BF-42E0-ACE5-A0362D1A3CE2}.Debug|Any CPU.Build.0 = Debug|Any CPU
		{055095ED-C3BF-42E0-ACE5-A0362D1A3CE2}.Release|Any CPU.ActiveCfg = Release|Any CPU
		{055095ED-C3BF-42E0-ACE5-A0362D1A3CE2}.Release|Any CPU.Build.0 = Release|Any CPU
	EndGlobalSection
	GlobalSection(SolutionProperties) = preSolution
		HideSolutionNode = FALSE
	EndGlobalSection
	GlobalSection(ExtensibilityGlobals) = postSolution
		SolutionGuid = {2FA48728-6E46-49F8-86EB-C90EEF3F944C}
	EndGlobalSection
EndGlobal
